# This file is automatically @generated by Poetry 1.4.2 and should not be changed by hand.

[[package]]
name = "attrs"
version = "23.1.0"
description = "Classes Without Boilerplate"
category = "main"
optional = false
python-versions = ">=3.7"
files = [
    {file = "attrs-23.1.0-py3-none-any.whl", hash = "sha256:1f28b4522cdc2fb4256ac1a020c78acf9cba2c6b461ccd2c126f3aa8e8335d04"},
    {file = "attrs-23.1.0.tar.gz", hash = "sha256:6279836d581513a26f1bf235f9acd333bc9115683f14f7e8fae46c98fc50e015"},
]

[package.extras]
cov = ["attrs[tests]", "coverage[toml] (>=5.3)"]
dev = ["attrs[docs,tests]", "pre-commit"]
docs = ["furo", "myst-parser", "sphinx", "sphinx-notfound-page", "sphinxcontrib-towncrier", "towncrier", "zope-interface"]
tests = ["attrs[tests-no-zope]", "zope-interface"]
tests-no-zope = ["cloudpickle", "hypothesis", "mypy (>=1.1.1)", "pympler", "pytest (>=4.3.0)", "pytest-mypy-plugins", "pytest-xdist[psutil]"]

[[package]]
name = "bindepend"
version = "0.1"
description = "Binary depedency analysis"
category = "main"
optional = false
python-versions = "*"
files = [
    {file = "bindepend-0.1-py3-none-any.whl", hash = "sha256:8c3017b8d25b18c3865f55137656338312d06999b93b798b5be1a1d0176e6493"},
    {file = "bindepend-0.1.tar.gz", hash = "sha256:4a376a4a81d4812e85be9cf1b9b49c78bcf76a3278b94a9b080c22ac9c3ad1fd"},
]

[package.dependencies]
pefile = "*"

[[package]]
name = "cmake"
version = "3.27.6"
description = "CMake is an open-source, cross-platform family of tools designed to build, test and package software"
category = "main"
optional = false
python-versions = "*"
files = [
    {file = "cmake-3.27.6-py2.py3-none-macosx_10_10_universal2.macosx_10_10_x86_64.macosx_11_0_arm64.macosx_11_0_universal2.whl", hash = "sha256:f289e26bd483e189933d1ee70987976d3fb88ce1ab6a8081c8da9d4fa44acec8"},
    {file = "cmake-3.27.6-py2.py3-none-manylinux2010_i686.manylinux_2_12_i686.whl", hash = "sha256:ac9b9290f67f0e7d9ccfb45396d5c6ea50dd12b46bfeb770f5a3051066fdca4e"},
    {file = "cmake-3.27.6-py2.py3-none-manylinux2010_x86_64.manylinux_2_12_x86_64.whl", hash = "sha256:8ba53d322d5c84afd839138315d71ee9f892dcecb5e163e8d888f0d92cf43fe1"},
    {file = "cmake-3.27.6-py2.py3-none-manylinux2014_aarch64.manylinux_2_17_aarch64.whl", hash = "sha256:1edd401cc9a48562b920d3d0387130ddba4c85935f1ea777c64ba0423cb5009b"},
    {file = "cmake-3.27.6-py2.py3-none-manylinux2014_i686.manylinux_2_17_i686.whl", hash = "sha256:0ec349e938a75244ac6fbf0c5e4451ea61383d4f70173e6b09157722f4d60dde"},
    {file = "cmake-3.27.6-py2.py3-none-manylinux2014_ppc64le.manylinux_2_17_ppc64le.whl", hash = "sha256:82f6b547eb92218bb73ea5b91d7a852375d33b57bfc47f7421266ead081408e9"},
    {file = "cmake-3.27.6-py2.py3-none-manylinux2014_s390x.manylinux_2_17_s390x.whl", hash = "sha256:94c22b97f230f4f13469215dafcf388595566a0075eaf12a527b6eb90c5c83f2"},
    {file = "cmake-3.27.6-py2.py3-none-manylinux2014_x86_64.manylinux_2_17_x86_64.whl", hash = "sha256:8c0ad28706b76d6b7c7643222d833af44bdd03da4371e3a6f0eac68e3a1d6366"},
    {file = "cmake-3.27.6-py2.py3-none-musllinux_1_1_aarch64.whl", hash = "sha256:8a27928c8b387bd7df42083fe55d1490f964cb423d83861ec8d2170d2060d2c9"},
    {file = "cmake-3.27.6-py2.py3-none-musllinux_1_1_i686.whl", hash = "sha256:7e60dc95f78cf4ed538093d59a07744857ca344f4b1d0ef9e6508f47d0158a1d"},
    {file = "cmake-3.27.6-py2.py3-none-musllinux_1_1_ppc64le.whl", hash = "sha256:b4f120e60823e793cc7d8645e75dce4519f76ce7692f2ab4b745e6cbca8b5345"},
    {file = "cmake-3.27.6-py2.py3-none-musllinux_1_1_s390x.whl", hash = "sha256:41c2aa92ce0accb43544a16e1d6bceb7f8900ac07def4ea7ba92ee95ba49be96"},
    {file = "cmake-3.27.6-py2.py3-none-musllinux_1_1_x86_64.whl", hash = "sha256:149aaa0080f5fd1e180bed2486e602baafd8a7b1d5ac18219ff9e4378fba37e0"},
    {file = "cmake-3.27.6-py2.py3-none-win32.whl", hash = "sha256:4c4cb267d9863281222c1f442e09c558cfac3e3454c45753ee0617692062a940"},
    {file = "cmake-3.27.6-py2.py3-none-win_amd64.whl", hash = "sha256:fff9dac42647c288d6c65f175de5ef0f158d3bc04eb354d6920af2c63b6d7e88"},
    {file = "cmake-3.27.6-py2.py3-none-win_arm64.whl", hash = "sha256:83f49328d37e777e711098064399d2666b243ae95d01aa275f1ad7323e973ab2"},
    {file = "cmake-3.27.6.tar.gz", hash = "sha256:daaa867afeeafabb1544fb129e9fbc3c537a7261430b6f00605268530f75b948"},
]

[package.extras]
test = ["coverage (>=4.2)", "flake8 (>=3.0.4)", "path.py (>=11.5.0)", "pytest (>=3.0.3)", "pytest-cov (>=2.4.0)", "pytest-runner (>=2.9)", "pytest-virtualenv (>=1.7.0)", "scikit-build (>=0.10.0)", "setuptools (>=28.0.0)", "virtualenv (>=15.0.3)", "wheel"]

[[package]]
name = "delocate"
version = "0.10.4"
description = "Move macOS dynamic libraries into package"
category = "main"
optional = false
python-versions = ">=3.7"
files = [
    {file = "delocate-0.10.4-py3-none-any.whl", hash = "sha256:78b6840c32c74c82e576529f68662f69883a1cc51bfcf8273cf37f25ee6b3860"},
    {file = "delocate-0.10.4.tar.gz", hash = "sha256:eae712f46f23481ac82250b9dc357280b8cd17ac0e57dce08654d5f722793c93"},
]

[package.dependencies]
bindepend = {version = "*", markers = "sys_platform == \"win32\""}
machomachomangler = {version = "*", markers = "sys_platform == \"win32\""}
packaging = ">=20.9"
typing-extensions = "*"

[[package]]
name = "machomachomangler"
version = "0.0.1"
description = "Tools for mangling Mach-O and PE binaries"
category = "main"
optional = false
python-versions = "*"
files = [
    {file = "machomachomangler-0.0.1-py3-none-any.whl", hash = "sha256:4fa66b8b65959399874f05a4d93abe1e49db46f71bef66a68a93e060d9ba0cb3"},
    {file = "machomachomangler-0.0.1.tar.gz", hash = "sha256:2acbad5bd465c5f386e5ceac8a8a1939a9789f503dd84f491e046292cf6e54a6"},
]

[package.dependencies]
attrs = "*"

[[package]]
name = "packaging"
version = "23.1"
description = "Core utilities for Python packages"
category = "main"
optional = false
python-versions = ">=3.7"
files = [
    {file = "packaging-23.1-py3-none-any.whl", hash = "sha256:994793af429502c4ea2ebf6bf664629d07c1a9fe974af92966e4b8d2df7edc61"},
    {file = "packaging-23.1.tar.gz", hash = "sha256:a392980d2b6cffa644431898be54b0045151319d1e7ec34f0cfed48767dd334f"},
]

[[package]]
name = "pastel"
version = "0.2.1"
description = "Bring colors to your terminal."
category = "dev"
optional = false
python-versions = ">=2.7, !=3.0.*, !=3.1.*, !=3.2.*, !=3.3.*"
files = [
    {file = "pastel-0.2.1-py2.py3-none-any.whl", hash = "sha256:4349225fcdf6c2bb34d483e523475de5bb04a5c10ef711263452cb37d7dd4364"},
    {file = "pastel-0.2.1.tar.gz", hash = "sha256:e6581ac04e973cac858828c6202c1e1e81fee1dc7de7683f3e1ffe0bfd8a573d"},
]

[[package]]
name = "pefile"
version = "2023.2.7"
description = "Python PE parsing module"
category = "main"
optional = false
python-versions = ">=3.6.0"
files = [
    {file = "pefile-2023.2.7-py3-none-any.whl", hash = "sha256:da185cd2af68c08a6cd4481f7325ed600a88f6a813bad9dea07ab3ef73d8d8d6"},
    {file = "pefile-2023.2.7.tar.gz", hash = "sha256:82e6114004b3d6911c77c3953e3838654b04511b8b66e8583db70c65998017dc"},
]

[[package]]
name = "poethepoet"
version = "0.24.0"
description = "A task runner that works well with poetry."
category = "dev"
optional = false
python-versions = ">=3.8"
files = [
    {file = "poethepoet-0.24.0-py3-none-any.whl", hash = "sha256:ef67cfe3657552bd43cb3896bebdc7ff3153125b545e93a2dcc664f159678524"},
    {file = "poethepoet-0.24.0.tar.gz", hash = "sha256:46f60a11178c40766e3e27d15c8f98ea174807f4422c7cb48f3a3bc97902ec8b"},
]

[package.dependencies]
pastel = ">=0.2.1,<0.3.0"
tomli = ">=1.2.2"

[package.extras]
poetry-plugin = ["poetry (>=1.0,<2.0)"]

[[package]]
name = "tomli"
version = "2.0.1"
description = "A lil' TOML parser"
category = "dev"
optional = false
python-versions = ">=3.7"
files = [
    {file = "tomli-2.0.1-py3-none-any.whl", hash = "sha256:939de3e7a6161af0c887ef91b7d41a53e7c5a1ca976325f429cb46ea9bc30ecc"},
    {file = "tomli-2.0.1.tar.gz", hash = "sha256:de526c12914f0c550d15924c62d72abc48d6fe7364aa87328337a31007fe8a4f"},
]

[[package]]
name = "typing-extensions"
version = "4.8.0"
description = "Backported and Experimental Type Hints for Python 3.8+"
category = "main"
optional = false
python-versions = ">=3.8"
files = [
    {file = "typing_extensions-4.8.0-py3-none-any.whl", hash = "sha256:8f92fc8806f9a6b641eaa5318da32b44d401efaac0f6678c9bc448ba3605faa0"},
    {file = "typing_extensions-4.8.0.tar.gz", hash = "sha256:df8e4339e9cb77357558cbdbceca33c303714cf861d1eef15e1070055ae8b7ef"},
]

[metadata]
lock-version = "2.0"
python-versions = "3.11.x"
content-hash = "0e9963ee50bff7578c00cf44a69d4f42adcd30a1dad45895295ef1c82ed3f932"
